
Microsoft Visual Studio Solution File, Format Version 12.00
# Visual Studio Version 17
VisualStudioVersion = 17.9.34728.123
MinimumVisualStudioVersion = 10.0.40219.1
Project("{FAE04EC0-301F-11D3-BF4B-00C04F79EFBC}") = "escola", "escola.csproj", "{BC944BD1-B01F-4F73-A4DA-13C20A31E902}"
EndProject
Global
	GlobalSection(SolutionConfigurationPlatforms) = preSolution
		Debug|Any CPU = Debug|Any CPU
		Release|Any CPU = Release|Any CPU
	EndGlobalSection
	GlobalSection(ProjectConfigurationPlatforms) = postSolution
		{BC944BD1-B01F-4F73-A4DA-13C20A31E902}.Debug|Any CPU.ActiveCfg = Debug|Any CPU
		{BC944BD1-B01F-4F73-A4DA-13C20A31E902}.Debug|Any CPU.Build.0 = Debug|Any CPU
		{BC944BD1-B01F-4F73-A4DA-13C20A31E902}.Release|Any CPU.ActiveCfg = Release|Any CPU
		{BC944BD1-B01F-4F73-A4DA-13C20A31E902}.Release|Any CPU.Build.0 = Release|Any CPU
	EndGlobalSection
	GlobalSection(SolutionProperties) = preSolution
		HideSolutionNode = FALSE
	EndGlobalSection
	GlobalSection(ExtensibilityGlobals) = postSolution
		SolutionGuid = {A4186E30-B49A-4336-AA77-786FA60AD120}
	EndGlobalSection
EndGlobal
